
Microsoft Visual Studio Solution File, Format Version 12.00
# Visual Studio 15
VisualStudioVersion = 15.0.28307.645
MinimumVisualStudioVersion = 10.0.40219.1
Project("{FAE04EC0-301F-11D3-BF4B-00C04F79EFBC}") = "NameSorter", "NameSorter\NameSorter.csproj", "{752A0797-F157-4A4F-89C0-22A95D9B546F}"
EndProject
Project("{2150E333-8FDC-42A3-9474-1A3956D46DE8}") = "Solution Items", "Solution Items", "{B8FE4A96-DF5D-43B8-8326-897592ECAC94}"
	ProjectSection(SolutionItems) = preProject
		.travis.yml = .travis.yml
		README.md = README.md
	EndProjectSection
EndProject
Project("{FAE04EC0-301F-11D3-BF4B-00C04F79EFBC}") = "NameSorterTests", "NameSorterTests\NameSorterTests.csproj", "{282B226D-9AAE-4F43-A166-C81F0C2FD20D}"
EndProject
Global
	GlobalSection(SolutionConfigurationPlatforms) = preSolution
		Debug|Any CPU = Debug|Any CPU
		Release|Any CPU = Release|Any CPU
	EndGlobalSection
	GlobalSection(ProjectConfigurationPlatforms) = postSolution
		{752A0797-F157-4A4F-89C0-22A95D9B546F}.Debug|Any CPU.ActiveCfg = Debug|Any CPU
		{752A0797-F157-4A4F-89C0-22A95D9B546F}.Debug|Any CPU.Build.0 = Debug|Any CPU
		{752A0797-F157-4A4F-89C0-22A95D9B546F}.Release|Any CPU.ActiveCfg = Release|Any CPU
		{752A0797-F157-4A4F-89C0-22A95D9B546F}.Release|Any CPU.Build.0 = Release|Any CPU
		{282B226D-9AAE-4F43-A166-C81F0C2FD20D}.Debug|Any CPU.ActiveCfg = Debug|Any CPU
		{282B226D-9AAE-4F43-A166-C81F0C2FD20D}.Debug|Any CPU.Build.0 = Debug|Any CPU
		{282B226D-9AAE-4F43-A166-C81F0C2FD20D}.Release|Any CPU.ActiveCfg = Release|Any CPU
		{282B226D-9AAE-4F43-A166-C81F0C2FD20D}.Release|Any CPU.Build.0 = Release|Any CPU
	EndGlobalSection
	GlobalSection(SolutionProperties) = preSolution
		HideSolutionNode = FALSE
	EndGlobalSection
	GlobalSection(ExtensibilityGlobals) = postSolution
		SolutionGuid = {B31BABAE-B962-46D3-9467-CDE3E223B52C}
	EndGlobalSection
	GlobalSection(NestedProjects) = preSolution
	EndGlobalSection
EndGlobal
